// !$*UTF8*$!
{
	archiveVersion = 1;
	classes = {
	};
	objectVersion = 56;
	objects = {

/* Begin PBXBuildFile section */
		BB049B122A756EB3007A6E79 /* iPopApp.swift in Sources */ = {isa = PBXBuildFile; fileRef = BB049B112A756EB3007A6E79 /* iPopApp.swift */; };
		BB049B142A756EB3007A6E79 /* ContentView.swift in Sources */ = {isa = PBXBuildFile; fileRef = BB049B132A756EB3007A6E79 /* ContentView.swift */; };
		BB049B162A756EB4007A6E79 /* Assets.xcassets in Resources */ = {isa = PBXBuildFile; fileRef = BB049B152A756EB4007A6E79 /* Assets.xcassets */; };
		BB049B192A756EB4007A6E79 /* Preview Assets.xcassets in Resources */ = {isa = PBXBuildFile; fileRef = BB049B182A756EB4007A6E79 /* Preview Assets.xcassets */; };
		BB049B232A756EB5007A6E79 /* iPopTests.swift in Sources */ = {isa = PBXBuildFile; fileRef = BB049B222A756EB5007A6E79 /* iPopTests.swift */; };
		BB049B2D2A756EB5007A6E79 /* iPopUITests.swift in Sources */ = {isa = PBXBuildFile; fileRef = BB049B2C2A756EB5007A6E79 /* iPopUITests.swift */; };
		BB049B2F2A756EB5007A6E79 /* iPopUITestsLaunchTests.swift in Sources */ = {isa = PBXBuildFile; fileRef = BB049B2E2A756EB5007A6E79 /* iPopUITestsLaunchTests.swift */; };
		BB049B3D2A75704F007A6E79 /* MapKit.framework in Frameworks */ = {isa = PBXBuildFile; fileRef = BB049B3C2A75704F007A6E79 /* MapKit.framework */; };
		BB049B402A761928007A6E79 /* CoreLocation.framework in Frameworks */ = {isa = PBXBuildFile; fileRef = BB049B3F2A761927007A6E79 /* CoreLocation.framework */; };
/* End PBXBuildFile section */

/* Begin PBXContainerItemProxy section */
		BB049B1F2A756EB5007A6E79 /* PBXContainerItemProxy */ = {
			isa = PBXContainerItemProxy;
			containerPortal = BB049B062A756EB3007A6E79 /* Project object */;
			proxyType = 1;
			remoteGlobalIDString = BB049B0D2A756EB3007A6E79;
			remoteInfo = iPop;
		};
		BB049B292A756EB5007A6E79 /* PBXContainerItemProxy */ = {
			isa = PBXContainerItemProxy;
			containerPortal = BB049B062A756EB3007A6E79 /* Project object */;
			proxyType = 1;
			remoteGlobalIDString = BB049B0D2A756EB3007A6E79;
			remoteInfo = iPop;
		};
/* End PBXContainerItemProxy section */

/* Begin PBXFileReference section */
		BB049B0E2A756EB3007A6E79 /* iPop.app */ = {isa = PBXFileReference; explicitFileType = wrapper.application; includeInIndex = 0; path = iPop.app; sourceTree = BUILT_PRODUCTS_DIR; };
		BB049B112A756EB3007A6E79 /* iPopApp.swift */ = {isa = PBXFileReference; lastKnownFileType = sourcecode.swift; path = iPopApp.swift; sourceTree = "<group>"; };
		BB049B132A756EB3007A6E79 /* ContentView.swift */ = {isa = PBXFileReference; lastKnownFileType = sourcecode.swift; path = ContentView.swift; sourceTree = "<group>"; };
		BB049B152A756EB4007A6E79 /* Assets.xcassets */ = {isa = PBXFileReference; lastKnownFileType = folder.assetcatalog; path = Assets.xcassets; sourceTree = "<group>"; };
		BB049B182A756EB4007A6E79 /* Preview Assets.xcassets */ = {isa = PBXFileReference; lastKnownFileType = folder.assetcatalog; path = "Preview Assets.xcassets"; sourceTree = "<group>"; };
		BB049B1E2A756EB5007A6E79 /* iPopTests.xctest */ = {isa = PBXFileReference; explicitFileType = wrapper.cfbundle; includeInIndex = 0; path = iPopTests.xctest; sourceTree = BUILT_PRODUCTS_DIR; };
		BB049B222A756EB5007A6E79 /* iPopTests.swift */ = {isa = PBXFileReference; lastKnownFileType = sourcecode.swift; path = iPopTests.swift; sourceTree = "<group>"; };
		BB049B282A756EB5007A6E79 /* iPopUITests.xctest */ = {isa = PBXFileReference; explicitFileType = wrapper.cfbundle; includeInIndex = 0; path = iPopUITests.xctest; sourceTree = BUILT_PRODUCTS_DIR; };
		BB049B2C2A756EB5007A6E79 /* iPopUITests.swift */ = {isa = PBXFileReference; lastKnownFileType = sourcecode.swift; path = iPopUITests.swift; sourceTree = "<group>"; };
		BB049B2E2A756EB5007A6E79 /* iPopUITestsLaunchTests.swift */ = {isa = PBXFileReference; lastKnownFileType = sourcecode.swift; path = iPopUITestsLaunchTests.swift; sourceTree = "<group>"; };
		BB049B3C2A75704F007A6E79 /* MapKit.framework */ = {isa = PBXFileReference; lastKnownFileType = wrapper.framework; name = MapKit.framework; path = System/Library/Frameworks/MapKit.framework; sourceTree = SDKROOT; };
		BB049B3E2A757351007A6E79 /* Info.plist */ = {isa = PBXFileReference; lastKnownFileType = text.plist; path = Info.plist; sourceTree = "<group>"; };
		BB049B3F2A761927007A6E79 /* CoreLocation.framework */ = {isa = PBXFileReference; lastKnownFileType = wrapper.framework; name = CoreLocation.framework; path = System/Library/Frameworks/CoreLocation.framework; sourceTree = SDKROOT; };
/* End PBXFileReference section */

/* Begin PBXFrameworksBuildPhase section */
		BB049B0B2A756EB3007A6E79 /* Frameworks */ = {
			isa = PBXFrameworksBuildPhase;
			buildActionMask = 2147483647;
			files = (
				BB049B402A761928007A6E79 /* CoreLocation.framework in Frameworks */,
				BB049B3D2A75704F007A6E79 /* MapKit.framework in Frameworks */,
			);
			runOnlyForDeploymentPostprocessing = 0;
		};
		BB049B1B2A756EB5007A6E79 /* Frameworks */ = {
			isa = PBXFrameworksBuildPhase;
			buildActionMask = 2147483647;
			files = (
			);
			runOnlyForDeploymentPostprocessing = 0;
		};
		BB049B252A756EB5007A6E79 /* Frameworks */ = {
			isa = PBXFrameworksBuildPhase;
			buildActionMask = 2147483647;
			files = (
			);
			runOnlyForDeploymentPostprocessing = 0;
		};
/* End PBXFrameworksBuildPhase section */

/* Begin PBXGroup section */
		BB049B052A756EB3007A6E79 = {
			isa = PBXGroup;
			children = (
				BB049B102A756EB3007A6E79 /* iPop */,
				BB049B212A756EB5007A6E79 /* iPopTests */,
				BB049B2B2A756EB5007A6E79 /* iPopUITests */,
				BB049B0F2A756EB3007A6E79 /* Products */,
				BB049B3B2A75704E007A6E79 /* Frameworks */,
			);
			sourceTree = "<group>";
		};
		BB049B0F2A756EB3007A6E79 /* Products */ = {
			isa = PBXGroup;
			children = (
				BB049B0E2A756EB3007A6E79 /* iPop.app */,
				BB049B1E2A756EB5007A6E79 /* iPopTests.xctest */,
				BB049B282A756EB5007A6E79 /* iPopUITests.xctest */,
			);
			name = Products;
			sourceTree = "<group>";
		};
		BB049B102A756EB3007A6E79 /* iPop */ = {
			isa = PBXGroup;
			children = (
				BB049B3E2A757351007A6E79 /* Info.plist */,
				BB049B112A756EB3007A6E79 /* iPopApp.swift */,
				BB049B132A756EB3007A6E79 /* ContentView.swift */,
				BB049B152A756EB4007A6E79 /* Assets.xcassets */,
				BB049B172A756EB4007A6E79 /* Preview Content */,
			);
			path = iPop;
			sourceTree = "<group>";
		};
		BB049B172A756EB4007A6E79 /* Preview Content */ = {
			isa = PBXGroup;
			children = (
				BB049B182A756EB4007A6E79 /* Preview Assets.xcassets */,
			);
			path = "Preview Content";
			sourceTree = "<group>";
		};
		BB049B212A756EB5007A6E79 /* iPopTests */ = {
			isa = PBXGroup;
			children = (
				BB049B222A756EB5007A6E79 /* iPopTests.swift */,
			);
			path = iPopTests;
			sourceTree = "<group>";
		};
		BB049B2B2A756EB5007A6E79 /* iPopUITests */ = {
			isa = PBXGroup;
			children = (
				BB049B2C2A756EB5007A6E79 /* iPopUITests.swift */,
				BB049B2E2A756EB5007A6E79 /* iPopUITestsLaunchTests.swift */,
			);
			path = iPopUITests;
			sourceTree = "<group>";
		};
		BB049B3B2A75704E007A6E79 /* Frameworks */ = {
			isa = PBXGroup;
			children = (
				BB049B3F2A761927007A6E79 /* CoreLocation.framework */,
				BB049B3C2A75704F007A6E79 /* MapKit.framework */,
			);
			name = Frameworks;
			sourceTree = "<group>";
		};
/* End PBXGroup section */

/* Begin PBXNativeTarget section */
		BB049B0D2A756EB3007A6E79 /* iPop */ = {
			isa = PBXNativeTarget;
			buildConfigurationList = BB049B322A756EB5007A6E79 /* Build configuration list for PBXNativeTarget "iPop" */;
			buildPhases = (
				BB049B0A2A756EB3007A6E79 /* Sources */,
				BB049B0B2A756EB3007A6E79 /* Frameworks */,
				BB049B0C2A756EB3007A6E79 /* Resources */,
			);
			buildRules = (
			);
			dependencies = (
			);
			name = iPop;
			productName = iPop;
			productReference = BB049B0E2A756EB3007A6E79 /* iPop.app */;
			productType = "com.apple.product-type.application";
		};
		BB049B1D2A756EB5007A6E79 /* iPopTests */ = {
			isa = PBXNativeTarget;
			buildConfigurationList = BB049B352A756EB5007A6E79 /* Build configuration list for PBXNativeTarget "iPopTests" */;
			buildPhases = (
				BB049B1A2A756EB5007A6E79 /* Sources */,
				BB049B1B2A756EB5007A6E79 /* Frameworks */,
				BB049B1C2A756EB5007A6E79 /* Resources */,
			);
			buildRules = (
			);
			dependencies = (
				BB049B202A756EB5007A6E79 /* PBXTargetDependency */,
			);
			name = iPopTests;
			productName = iPopTests;
			productReference = BB049B1E2A756EB5007A6E79 /* iPopTests.xctest */;
			productType = "com.apple.product-type.bundle.unit-test";
		};
		BB049B272A756EB5007A6E79 /* iPopUITests */ = {
			isa = PBXNativeTarget;
			buildConfigurationList = BB049B382A756EB5007A6E79 /* Build configuration list for PBXNativeTarget "iPopUITests" */;
			buildPhases = (
				BB049B242A756EB5007A6E79 /* Sources */,
				BB049B252A756EB5007A6E79 /* Frameworks */,
				BB049B262A756EB5007A6E79 /* Resources */,
			);
			buildRules = (
			);
			dependencies = (
				BB049B2A2A756EB5007A6E79 /* PBXTargetDependency */,
			);
			name = iPopUITests;
			productName = iPopUITests;
			productReference = BB049B282A756EB5007A6E79 /* iPopUITests.xctest */;
			productType = "com.apple.product-type.bundle.ui-testing";
		};
/* End PBXNativeTarget section */

/* Begin PBXProject section */
		BB049B062A756EB3007A6E79 /* Project object */ = {
			isa = PBXProject;
			attributes = {
				BuildIndependentTargetsInParallel = 1;
				LastSwiftUpdateCheck = 1430;
				LastUpgradeCheck = 1430;
				TargetAttributes = {
					BB049B0D2A756EB3007A6E79 = {
						CreatedOnToolsVersion = 14.3.1;
					};
					BB049B1D2A756EB5007A6E79 = {
						CreatedOnToolsVersion = 14.3.1;
						TestTargetID = BB049B0D2A756EB3007A6E79;
					};
					BB049B272A756EB5007A6E79 = {
						CreatedOnToolsVersion = 14.3.1;
						TestTargetID = BB049B0D2A756EB3007A6E79;
					};
				};
			};
			buildConfigurationList = BB049B092A756EB3007A6E79 /* Build configuration list for PBXProject "iPop" */;
			compatibilityVersion = "Xcode 14.0";
			developmentRegion = en;
			hasScannedForEncodings = 0;
			knownRegions = (
				en,
				Base,
			);
			mainGroup = BB049B052A756EB3007A6E79;
			productRefGroup = BB049B0F2A756EB3007A6E79 /* Products */;
			projectDirPath = "";
			projectRoot = "";
			targets = (
				BB049B0D2A756EB3007A6E79 /* iPop */,
				BB049B1D2A756EB5007A6E79 /* iPopTests */,
				BB049B272A756EB5007A6E79 /* iPopUITests */,
			);
		};
/* End PBXProject section */

/* Begin PBXResourcesBuildPhase section */
		BB049B0C2A756EB3007A6E79 /* Resources */ = {
			isa = PBXResourcesBuildPhase;
			buildActionMask = 2147483647;
			files = (
				BB049B192A756EB4007A6E79 /* Preview Assets.xcassets in Resources */,
				BB049B162A756EB4007A6E79 /* Assets.xcassets in Resources */,
			);
			runOnlyForDeploymentPostprocessing = 0;
		};
		BB049B1C2A756EB5007A6E79 /* Resources */ = {
			isa = PBXResourcesBuildPhase;
			buildActionMask = 2147483647;
			files = (
			);
			runOnlyForDeploymentPostprocessing = 0;
		};
		BB049B262A756EB5007A6E79 /* Resources */ = {
			isa = PBXResourcesBuildPhase;
			buildActionMask = 2147483647;
			files = (
			);
			runOnlyForDeploymentPostprocessing = 0;
		};
/* End PBXResourcesBuildPhase section */

/* Begin PBXSourcesBuildPhase section */
		BB049B0A2A756EB3007A6E79 /* Sources */ = {
			isa = PBXSourcesBuildPhase;
			buildActionMask = 2147483647;
			files = (
				BB049B142A756EB3007A6E79 /* ContentView.swift in Sources */,
				BB049B122A756EB3007A6E79 /* iPopApp.swift in Sources */,
			);
			runOnlyForDeploymentPostprocessing = 0;
		};
		BB049B1A2A756EB5007A6E79 /* Sources */ = {
			isa = PBXSourcesBuildPhase;
			buildActionMask = 2147483647;
			files = (
				BB049B232A756EB5007A6E79 /* iPopTests.swift in Sources */,
			);
			runOnlyForDeploymentPostprocessing = 0;
		};
		BB049B242A756EB5007A6E79 /* Sources */ = {
			isa = PBXSourcesBuildPhase;
			buildActionMask = 2147483647;
			files = (
				BB049B2F2A756EB5007A6E79 /* iPopUITestsLaunchTests.swift in Sources */,
				BB049B2D2A756EB5007A6E79 /* iPopUITests.swift in Sources */,
			);
			runOnlyForDeploymentPostprocessing = 0;
		};
/* End PBXSourcesBuildPhase section */

/* Begin PBXTargetDependency section */
		BB049B202A756EB5007A6E79 /* PBXTargetDependency */ = {
			isa = PBXTargetDependency;
			target = BB049B0D2A756EB3007A6E79 /* iPop */;
			targetProxy = BB049B1F2A756EB5007A6E79 /* PBXContainerItemProxy */;
		};
		BB049B2A2A756EB5007A6E79 /* PBXTargetDependency */ = {
			isa = PBXTargetDependency;
			target = BB049B0D2A756EB3007A6E79 /* iPop */;
			targetProxy = BB049B292A756EB5007A6E79 /* PBXContainerItemProxy */;
		};
/* End PBXTargetDependency section */

/* Begin XCBuildConfiguration section */
		BB049B302A756EB5007A6E79 /* Debug */ = {
			isa = XCBuildConfiguration;
			buildSettings = {
				ALWAYS_SEARCH_USER_PATHS = NO;
				CLANG_ANALYZER_NONNULL = YES;
				CLANG_ANALYZER_NUMBER_OBJECT_CONVERSION = YES_AGGRESSIVE;
				CLANG_CXX_LANGUAGE_STANDARD = "gnu++20";
				CLANG_ENABLE_MODULES = YES;
				CLANG_ENABLE_OBJC_ARC = YES;
				CLANG_ENABLE_OBJC_WEAK = YES;
				CLANG_WARN_BLOCK_CAPTURE_AUTORELEASING = YES;
				CLANG_WARN_BOOL_CONVERSION = YES;
				CLANG_WARN_COMMA = YES;
				CLANG_WARN_CONSTANT_CONVERSION = YES;
				CLANG_WARN_DEPRECATED_OBJC_IMPLEMENTATIONS = YES;
				CLANG_WARN_DIRECT_OBJC_ISA_USAGE = YES_ERROR;
				CLANG_WARN_DOCUMENTATION_COMMENTS = YES;
				CLANG_WARN_EMPTY_BODY = YES;
				CLANG_WARN_ENUM_CONVERSION = YES;
				CLANG_WARN_INFINITE_RECURSION = YES;
				CLANG_WARN_INT_CONVERSION = YES;
				CLANG_WARN_NON_LITERAL_NULL_CONVERSION = YES;
				CLANG_WARN_OBJC_IMPLICIT_RETAIN_SELF = YES;
				CLANG_WARN_OBJC_LITERAL_CONVERSION = YES;
				CLANG_WARN_OBJC_ROOT_CLASS = YES_ERROR;
				CLANG_WARN_QUOTED_INCLUDE_IN_FRAMEWORK_HEADER = YES;
				CLANG_WARN_RANGE_LOOP_ANALYSIS = YES;
				CLANG_WARN_STRICT_PROTOTYPES = YES;
				CLANG_WARN_SUSPICIOUS_MOVE = YES;
				CLANG_WARN_UNGUARDED_AVAILABILITY = YES_AGGRESSIVE;
				CLANG_WARN_UNREACHABLE_CODE = YES;
				CLANG_WARN__DUPLICATE_METHOD_MATCH = YES;
				COPY_PHASE_STRIP = NO;
				DEBUG_INFORMATION_FORMAT = dwarf;
				ENABLE_STRICT_OBJC_MSGSEND = YES;
				ENABLE_TESTABILITY = YES;
				GCC_C_LANGUAGE_STANDARD = gnu11;
				GCC_DYNAMIC_NO_PIC = NO;
				GCC_NO_COMMON_BLOCKS = YES;
				GCC_OPTIMIZATION_LEVEL = 0;
				GCC_PREPROCESSOR_DEFINITIONS = (
					"DEBUG=1",
					"$(inherited)",
				);
				GCC_WARN_64_TO_32_BIT_CONVERSION = YES;
				GCC_WARN_ABOUT_RETURN_TYPE = YES_ERROR;
				GCC_WARN_UNDECLARED_SELECTOR = YES;
				GCC_WARN_UNINITIALIZED_AUTOS = YES_AGGRESSIVE;
				GCC_WARN_UNUSED_FUNCTION = YES;
				GCC_WARN_UNUSED_VARIABLE = YES;
				IPHONEOS_DEPLOYMENT_TARGET = 16.4;
				MTL_ENABLE_DEBUG_INFO = INCLUDE_SOURCE;
				MTL_FAST_MATH = YES;
				ONLY_ACTIVE_ARCH = YES;
				SDKROOT = iphoneos;
				SWIFT_ACTIVE_COMPILATION_CONDITIONS = DEBUG;
				SWIFT_OPTIMIZATION_LEVEL = "-Onone";
			};
			name = Debug;
		};
		BB049B312A756EB5007A6E79 /* Release */ = {
			isa = XCBuildConfiguration;
			buildSettings = {
				ALWAYS_SEARCH_USER_PATHS = NO;
				CLANG_ANALYZER_NONNULL = YES;
				CLANG_ANALYZER_NUMBER_OBJECT_CONVERSION = YES_AGGRESSIVE;
				CLANG_CXX_LANGUAGE_STANDARD = "gnu++20";
				CLANG_ENABLE_MODULES = YES;
				CLANG_ENABLE_OBJC_ARC = YES;
				CLANG_ENABLE_OBJC_WEAK = YES;
				CLANG_WARN_BLOCK_CAPTURE_AUTORELEASING = YES;
				CLANG_WARN_BOOL_CONVERSION = YES;
				CLANG_WARN_COMMA = YES;
				CLANG_WARN_CONSTANT_CONVERSION = YES;
				CLANG_WARN_DEPRECATED_OBJC_IMPLEMENTATIONS = YES;
				CLANG_WARN_DIRECT_OBJC_ISA_USAGE = YES_ERROR;
				CLANG_WARN_DOCUMENTATION_COMMENTS = YES;
				CLANG_WARN_EMPTY_BODY = YES;
				CLANG_WARN_ENUM_CONVERSION = YES;
				CLANG_WARN_INFINITE_RECURSION = YES;
				CLANG_WARN_INT_CONVERSION = YES;
				CLANG_WARN_NON_LITERAL_NULL_CONVERSION = YES;
				CLANG_WARN_OBJC_IMPLICIT_RETAIN_SELF = YES;
				CLANG_WARN_OBJC_LITERAL_CONVERSION = YES;
				CLANG_WARN_OBJC_ROOT_CLASS = YES_ERROR;
				CLANG_WARN_QUOTED_INCLUDE_IN_FRAMEWORK_HEADER = YES;
				CLANG_WARN_RANGE_LOOP_ANALYSIS = YES;
				CLANG_WARN_STRICT_PROTOTYPES = YES;
				CLANG_WARN_SUSPICIOUS_MOVE = YES;
				CLANG_WARN_UNGUARDED_AVAILABILITY = YES_AGGRESSIVE;
				CLANG_WARN_UNREACHABLE_CODE = YES;
				CLANG_WARN__DUPLICATE_METHOD_MATCH = YES;
				COPY_PHASE_STRIP = NO;
				DEBUG_INFORMATION_FORMAT = "dwarf-with-dsym";
				ENABLE_NS_ASSERTIONS = NO;
				ENABLE_STRICT_OBJC_MSGSEND = YES;
				GCC_C_LANGUAGE_STANDARD = gnu11;
				GCC_NO_COMMON_BLOCKS = YES;
				GCC_WARN_64_TO_32_BIT_CONVERSION = YES;
				GCC_WARN_ABOUT_RETURN_TYPE = YES_ERROR;
				GCC_WARN_UNDECLARED_SELECTOR = YES;
				GCC_WARN_UNINITIALIZED_AUTOS = YES_AGGRESSIVE;
				GCC_WARN_UNUSED_FUNCTION = YES;
				GCC_WARN_UNUSED_VARIABLE = YES;
				IPHONEOS_DEPLOYMENT_TARGET = 16.4;
				MTL_ENABLE_DEBUG_INFO = NO;
				MTL_FAST_MATH = YES;
				SDKROOT = iphoneos;
				SWIFT_COMPILATION_MODE = wholemodule;
				SWIFT_OPTIMIZATION_LEVEL = "-O";
				VALIDATE_PRODUCT = YES;
			};
			name = Release;
		};
		BB049B332A756EB5007A6E79 /* Debug */ = {
			isa = XCBuildConfiguration;
			buildSettings = {
				ASSETCATALOG_COMPILER_APPICON_NAME = AppIcon;
				ASSETCATALOG_COMPILER_GLOBAL_ACCENT_COLOR_NAME = AccentColor;
				ASSETCATALOG_COMPILER_INCLUDE_ALL_APPICON_ASSETS = NO;
				CODE_SIGN_STYLE = Automatic;
				CURRENT_PROJECT_VERSION = 1;
				DEVELOPMENT_ASSET_PATHS = "\"iPop/Preview Content\"";
				DEVELOPMENT_TEAM = A8L92GC399;
				ENABLE_PREVIEWS = YES;
				GENERATE_INFOPLIST_FILE = YES;
				INFOPLIST_FILE = iPop/Info.plist;
				INFOPLIST_KEY_NSLocationWhenInUseUsageDescription = "您给哪儿呢";
				INFOPLIST_KEY_UIApplicationSceneManifest_Generation = YES;
				INFOPLIST_KEY_UIApplicationSupportsIndirectInputEvents = YES;
				INFOPLIST_KEY_UILaunchScreen_Generation = YES;
				INFOPLIST_KEY_UISupportedInterfaceOrientations_iPad = "UIInterfaceOrientationPortrait UIInterfaceOrientationPortraitUpsideDown UIInterfaceOrientationLandscapeLeft UIInterfaceOrientationLandscapeRight";
				INFOPLIST_KEY_UISupportedInterfaceOrientations_iPhone = "UIInterfaceOrientationPortrait UIInterfaceOrientationLandscapeLeft UIInterfaceOrientationLandscapeRight";
				LD_RUNPATH_SEARCH_PATHS = (
					"$(inherited)",
					"@executable_path/Frameworks",
				);
				MARKETING_VERSION = 1.0;
				PRODUCT_BUNDLE_IDENTIFIER = com.aboringproject.iPop;
				PRODUCT_NAME = "$(TARGET_NAME)";
				SWIFT_EMIT_LOC_STRINGS = YES;
				SWIFT_VERSION = 5.0;
				TARGETED_DEVICE_FAMILY = "1,2";
			};
			name = Debug;
		};
		BB049B342A756EB5007A6E79 /* Release */ = {
			isa = XCBuildConfiguration;
			buildSettings = {
				ASSETCATALOG_COMPILER_APPICON_NAME = AppIcon;
				ASSETCATALOG_COMPILER_GLOBAL_ACCENT_COLOR_NAME = AccentColor;
				ASSETCATALOG_COMPILER_INCLUDE_ALL_APPICON_ASSETS = NO;
				CODE_SIGN_STYLE = Automatic;
				CURRENT_PROJECT_VERSION = 1;
				DEVELOPMENT_ASSET_PATHS = "\"iPop/Preview Content\"";
				DEVELOPMENT_TEAM = A8L92GC399;
				ENABLE_PREVIEWS = YES;
				GENERATE_INFOPLIST_FILE = YES;
				INFOPLIST_FILE = iPop/Info.plist;
				INFOPLIST_KEY_NSLocationWhenInUseUsageDescription = "您给哪儿呢";
				INFOPLIST_KEY_UIApplicationSceneManifest_Generation = YES;
				INFOPLIST_KEY_UIApplicationSupportsIndirectInputEvents = YES;
				INFOPLIST_KEY_UILaunchScreen_Generation = YES;
				INFOPLIST_KEY_UISupportedInterfaceOrientations_iPad = "UIInterfaceOrientationPortrait UIInterfaceOrientationPortraitUpsideDown UIInterfaceOrientationLandscapeLeft UIInterfaceOrientationLandscapeRight";
				INFOPLIST_KEY_UISupportedInterfaceOrientations_iPhone = "UIInterfaceOrientationPortrait UIInterfaceOrientationLandscapeLeft UIInterfaceOrientationLandscapeRight";
				LD_RUNPATH_SEARCH_PATHS = (
					"$(inherited)",
					"@executable_path/Frameworks",
				);
				MARKETING_VERSION = 1.0;
				PRODUCT_BUNDLE_IDENTIFIER = com.aboringproject.iPop;
				PRODUCT_NAME = "$(TARGET_NAME)";
				SWIFT_EMIT_LOC_STRINGS = YES;
				SWIFT_VERSION = 5.0;
				TARGETED_DEVICE_FAMILY = "1,2";
			};
			name = Release;
		};
		BB049B362A756EB5007A6E79 /* Debug */ = {
			isa = XCBuildConfiguration;
			buildSettings = {
				ALWAYS_EMBED_SWIFT_STANDARD_LIBRARIES = YES;
				BUNDLE_LOADER = "$(TEST_HOST)";
				CODE_SIGN_STYLE = Automatic;
				CURRENT_PROJECT_VERSION = 1;
				GENERATE_INFOPLIST_FILE = YES;
				IPHONEOS_DEPLOYMENT_TARGET = 16.4;
				MARKETING_VERSION = 1.0;
				PRODUCT_BUNDLE_IDENTIFIER = com.aboringproject.iPopTests;
				PRODUCT_NAME = "$(TARGET_NAME)";
				SWIFT_EMIT_LOC_STRINGS = NO;
				SWIFT_VERSION = 5.0;
				TARGETED_DEVICE_FAMILY = "1,2";
				TEST_HOST = "$(BUILT_PRODUCTS_DIR)/iPop.app/$(BUNDLE_EXECUTABLE_FOLDER_PATH)/iPop";
			};
			name = Debug;
		};
		BB049B372A756EB5007A6E79 /* Release */ = {
			isa = XCBuildConfiguration;
			buildSettings = {
				ALWAYS_EMBED_SWIFT_STANDARD_LIBRARIES = YES;
				BUNDLE_LOADER = "$(TEST_HOST)";
				CODE_SIGN_STYLE = Automatic;
				CURRENT_PROJECT_VERSION = 1;
				GENERATE_INFOPLIST_FILE = YES;
				IPHONEOS_DEPLOYMENT_TARGET = 16.4;
				MARKETING_VERSION = 1.0;
				PRODUCT_BUNDLE_IDENTIFIER = com.aboringproject.iPopTests;
				PRODUCT_NAME = "$(TARGET_NAME)";
				SWIFT_EMIT_LOC_STRINGS = NO;
				SWIFT_VERSION = 5.0;
				TARGETED_DEVICE_FAMILY = "1,2";
				TEST_HOST = "$(BUILT_PRODUCTS_DIR)/iPop.app/$(BUNDLE_EXECUTABLE_FOLDER_PATH)/iPop";
			};
			name = Release;
		};
		BB049B392A756EB5007A6E79 /* Debug */ = {
			isa = XCBuildConfiguration;
			buildSettings = {
				ALWAYS_EMBED_SWIFT_STANDARD_LIBRARIES = YES;
				CODE_SIGN_STYLE = Automatic;
				CURRENT_PROJECT_VERSION = 1;
				GENERATE_INFOPLIST_FILE = YES;
				MARKETING_VERSION = 1.0;
				PRODUCT_BUNDLE_IDENTIFIER = com.aboringproject.iPopUITests;
				PRODUCT_NAME = "$(TARGET_NAME)";
				SWIFT_EMIT_LOC_STRINGS = NO;
				SWIFT_VERSION = 5.0;
				TARGETED_DEVICE_FAMILY = "1,2";
				TEST_TARGET_NAME = iPop;
			};
			name = Debug;
		};
		BB049B3A2A756EB5007A6E79 /* Release */ = {
			isa = XCBuildConfiguration;
			buildSettings = {
				ALWAYS_EMBED_SWIFT_STANDARD_LIBRARIES = YES;
				CODE_SIGN_STYLE = Automatic;
				CURRENT_PROJECT_VERSION = 1;
				GENERATE_INFOPLIST_FILE = YES;
				MARKETING_VERSION = 1.0;
				PRODUCT_BUNDLE_IDENTIFIER = com.aboringproject.iPopUITests;
				PRODUCT_NAME = "$(TARGET_NAME)";
				SWIFT_EMIT_LOC_STRINGS = NO;
				SWIFT_VERSION = 5.0;
				TARGETED_DEVICE_FAMILY = "1,2";
				TEST_TARGET_NAME = iPop;
			};
			name = Release;
		};
/* End XCBuildConfiguration section */

/* Begin XCConfigurationList section */
		BB049B092A756EB3007A6E79 /* Build configuration list for PBXProject "iPop" */ = {
			isa = XCConfigurationList;
			buildConfigurations = (
				BB049B302A756EB5007A6E79 /* Debug */,
				BB049B312A756EB5007A6E79 /* Release */,
			);
			defaultConfigurationIsVisible = 0;
			defaultConfigurationName = Release;
		};
		BB049B322A756EB5007A6E79 /* Build configuration list for PBXNativeTarget "iPop" */ = {
			isa = XCConfigurationList;
			buildConfigurations = (
				BB049B332A756EB5007A6E79 /* Debug */,
				BB049B342A756EB5007A6E79 /* Release */,
			);
			defaultConfigurationIsVisible = 0;
			defaultConfigurationName = Release;
		};
		BB049B352A756EB5007A6E79 /* Build configuration list for PBXNativeTarget "iPopTests" */ = {
			isa = XCConfigurationList;
			buildConfigurations = (
				BB049B362A756EB5007A6E79 /* Debug */,
				BB049B372A756EB5007A6E79 /* Release */,
			);
			defaultConfigurationIsVisible = 0;
			defaultConfigurationName = Release;
		};
		BB049B382A756EB5007A6E79 /* Build configuration list for PBXNativeTarget "iPopUITests" */ = {
			isa = XCConfigurationList;
			buildConfigurations = (
				BB049B392A756EB5007A6E79 /* Debug */,
				BB049B3A2A756EB5007A6E79 /* Release */,
			);
			defaultConfigurationIsVisible = 0;
			defaultConfigurationName = Release;
		};
/* End XCConfigurationList section */
	};
	rootObject = BB049B062A756EB3007A6E79 /* Project object */;
}
